
Microsoft Visual Studio Solution File, Format Version 12.00
# Visual Studio 15
VisualStudioVersion = 15.0.28010.2003
MinimumVisualStudioVersion = 10.0.40219.1
Project("{182E2583-ECAD-465B-BB50-91101D7C24CE}") = "LearningSimpleUSQLOnpremises", "LearningSimpleUSQLOnpremises\LearningSimpleUSQLOnpremises.usqlproj", "{6BDAAAF3-53BE-483B-BBBE-381BDBB4FADB}"
EndProject
Global
	GlobalSection(SolutionConfigurationPlatforms) = preSolution
		Debug|Any CPU = Debug|Any CPU
		Debug|x64 = Debug|x64
		Debug|x86 = Debug|x86
		Release|Any CPU = Release|Any CPU
		Release|x64 = Release|x64
		Release|x86 = Release|x86
	EndGlobalSection
	GlobalSection(ProjectConfigurationPlatforms) = postSolution
		{6BDAAAF3-53BE-483B-BBBE-381BDBB4FADB}.Debug|Any CPU.ActiveCfg = Debug|Any CPU
		{6BDAAAF3-53BE-483B-BBBE-381BDBB4FADB}.Debug|Any CPU.Build.0 = Debug|Any CPU
		{6BDAAAF3-53BE-483B-BBBE-381BDBB4FADB}.Debug|x64.ActiveCfg = Debug|x64
		{6BDAAAF3-53BE-483B-BBBE-381BDBB4FADB}.Debug|x64.Build.0 = Debug|x64
		{6BDAAAF3-53BE-483B-BBBE-381BDBB4FADB}.Debug|x86.ActiveCfg = Debug|x86
		{6BDAAAF3-53BE-483B-BBBE-381BDBB4FADB}.Debug|x86.Build.0 = Debug|x86
		{6BDAAAF3-53BE-483B-BBBE-381BDBB4FADB}.Release|Any CPU.ActiveCfg = Release|Any CPU
		{6BDAAAF3-53BE-483B-BBBE-381BDBB4FADB}.Release|Any CPU.Build.0 = Release|Any CPU
		{6BDAAAF3-53BE-483B-BBBE-381BDBB4FADB}.Release|x64.ActiveCfg = Release|x64
		{6BDAAAF3-53BE-483B-BBBE-381BDBB4FADB}.Release|x64.Build.0 = Release|x64
		{6BDAAAF3-53BE-483B-BBBE-381BDBB4FADB}.Release|x86.ActiveCfg = Release|x86
		{6BDAAAF3-53BE-483B-BBBE-381BDBB4FADB}.Release|x86.Build.0 = Release|x86
	EndGlobalSection
	GlobalSection(SolutionProperties) = preSolution
		HideSolutionNode = FALSE
	EndGlobalSection
	GlobalSection(ExtensibilityGlobals) = postSolution
		SolutionGuid = {6F70475D-F177-4F47-ADD5-B7989136AC49}
	EndGlobalSection
EndGlobal
